# This file is automatically @generated by Cargo.
# It is not intended for manual editing.
version = 3

[[package]]
name = "toxoid_app"
version = "0.1.0"

[[package]]
name = "toxoid_audio"
version = "0.1.0"

[[package]]
name = "toxoid_core"
version = "0.1.0"

[[package]]
name = "toxoid_ecs"
version = "0.1.0"

[[package]]
name = "toxoid_netcode"
version = "0.1.0"

[[package]]
name = "toxoid_physics"
version = "0.1.0"
